
Microsoft Visual Studio Solution File, Format Version 12.00
# Visual Studio Version 17
VisualStudioVersion = 17.4.33205.214
MinimumVisualStudioVersion = 10.0.40219.1
Project("{8BC9CEB8-8B4A-11D0-8D11-00A0C91BC942}") = "Kurumi", "Kurumi\Kurumi.vcxproj", "{1B908FA9-8C98-41DA-B81F-69943A9E75A4}"
EndProject
Project("{8BC9CEB8-8B4A-11D0-8D11-00A0C91BC942}") = "KewGameLoader", "KewGameLoader\KewGameLoader.vcxproj", "{0F39A7F9-B3F1-4A2C-9064-0810A0502F19}"
EndProject
Project("{8BC9CEB8-8B4A-11D0-8D11-00A0C91BC942}") = "EAGamesNetworkFrameParser", "EAGamesNetworkFrameParser\EAGamesNetworkFrameParser.vcxproj", "{B4D662F0-515C-42DF-88BA-40215977B39A}"
EndProject
Project("{9A19103F-16F7-4668-BE54-9A1E7A4F7556}") = "GamespyMasterServer", "GamespyMasterServer\GamespyMasterServer.csproj", "{CA14FBD3-1D44-44A9-9D23-96E353436F2C}"
EndProject
Project("{8BC9CEB8-8B4A-11D0-8D11-00A0C91BC942}") = "BungieMicrosoftHaloNetworkFrameParser", "BungieMicrosoftHaloNetworkFrameParser\BungieMicrosoftHaloNetworkFrameParser.vcxproj", "{3BE46128-AF17-40E8-A541-06A31A43519E}"
EndProject
Project("{8BC9CEB8-8B4A-11D0-8D11-00A0C91BC942}") = "TeaDelKewTests", "TeaDelKewTests\TeaDelKewTests.vcxproj", "{A3EF5782-515B-458E-A98F-23115744293F}"
EndProject
Project("{8BC9CEB8-8B4A-11D0-8D11-00A0C91BC942}") = "Kuromi", "Kuromi\Kuromi.vcxproj", "{302F0157-3C68-44EA-B093-5694540EB675}"
EndProject
Global
	GlobalSection(SolutionConfigurationPlatforms) = preSolution
		Debug|Any CPU = Debug|Any CPU
		Debug|x64 = Debug|x64
		Debug|x86 = Debug|x86
		Release|Any CPU = Release|Any CPU
		Release|x64 = Release|x64
		Release|x86 = Release|x86
	EndGlobalSection
	GlobalSection(ProjectConfigurationPlatforms) = postSolution
		{1B908FA9-8C98-41DA-B81F-69943A9E75A4}.Debug|Any CPU.ActiveCfg = Debug|x64
		{1B908FA9-8C98-41DA-B81F-69943A9E75A4}.Debug|Any CPU.Build.0 = Debug|x64
		{1B908FA9-8C98-41DA-B81F-69943A9E75A4}.Debug|x64.ActiveCfg = Debug|x64
		{1B908FA9-8C98-41DA-B81F-69943A9E75A4}.Debug|x64.Build.0 = Debug|x64
		{1B908FA9-8C98-41DA-B81F-69943A9E75A4}.Debug|x86.ActiveCfg = Debug|Win32
		{1B908FA9-8C98-41DA-B81F-69943A9E75A4}.Debug|x86.Build.0 = Debug|Win32
		{1B908FA9-8C98-41DA-B81F-69943A9E75A4}.Release|Any CPU.ActiveCfg = Release|x64
		{1B908FA9-8C98-41DA-B81F-69943A9E75A4}.Release|Any CPU.Build.0 = Release|x64
		{1B908FA9-8C98-41DA-B81F-69943A9E75A4}.Release|x64.ActiveCfg = Release|x64
		{1B908FA9-8C98-41DA-B81F-69943A9E75A4}.Release|x64.Build.0 = Release|x64
		{1B908FA9-8C98-41DA-B81F-69943A9E75A4}.Release|x86.ActiveCfg = Release|Win32
		{1B908FA9-8C98-41DA-B81F-69943A9E75A4}.Release|x86.Build.0 = Release|Win32
		{0F39A7F9-B3F1-4A2C-9064-0810A0502F19}.Debug|Any CPU.ActiveCfg = Debug|x64
		{0F39A7F9-B3F1-4A2C-9064-0810A0502F19}.Debug|Any CPU.Build.0 = Debug|x64
		{0F39A7F9-B3F1-4A2C-9064-0810A0502F19}.Debug|x64.ActiveCfg = Debug|x64
		{0F39A7F9-B3F1-4A2C-9064-0810A0502F19}.Debug|x64.Build.0 = Debug|x64
		{0F39A7F9-B3F1-4A2C-9064-0810A0502F19}.Debug|x86.ActiveCfg = Debug|Win32
		{0F39A7F9-B3F1-4A2C-9064-0810A0502F19}.Debug|x86.Build.0 = Debug|Win32
		{0F39A7F9-B3F1-4A2C-9064-0810A0502F19}.Release|Any CPU.ActiveCfg = Release|x64
		{0F39A7F9-B3F1-4A2C-9064-0810A0502F19}.Release|Any CPU.Build.0 = Release|x64
		{0F39A7F9-B3F1-4A2C-9064-0810A0502F19}.Release|x64.ActiveCfg = Release|x64
		{0F39A7F9-B3F1-4A2C-9064-0810A0502F19}.Release|x64.Build.0 = Release|x64
		{0F39A7F9-B3F1-4A2C-9064-0810A0502F19}.Release|x86.ActiveCfg = Release|Win32
		{0F39A7F9-B3F1-4A2C-9064-0810A0502F19}.Release|x86.Build.0 = Release|Win32
		{B4D662F0-515C-42DF-88BA-40215977B39A}.Debug|Any CPU.ActiveCfg = Debug|x64
		{B4D662F0-515C-42DF-88BA-40215977B39A}.Debug|Any CPU.Build.0 = Debug|x64
		{B4D662F0-515C-42DF-88BA-40215977B39A}.Debug|x64.ActiveCfg = Debug|x64
		{B4D662F0-515C-42DF-88BA-40215977B39A}.Debug|x64.Build.0 = Debug|x64
		{B4D662F0-515C-42DF-88BA-40215977B39A}.Debug|x86.ActiveCfg = Debug|Win32
		{B4D662F0-515C-42DF-88BA-40215977B39A}.Debug|x86.Build.0 = Debug|Win32
		{B4D662F0-515C-42DF-88BA-40215977B39A}.Release|Any CPU.ActiveCfg = Release|x64
		{B4D662F0-515C-42DF-88BA-40215977B39A}.Release|Any CPU.Build.0 = Release|x64
		{B4D662F0-515C-42DF-88BA-40215977B39A}.Release|x64.ActiveCfg = Release|x64
		{B4D662F0-515C-42DF-88BA-40215977B39A}.Release|x64.Build.0 = Release|x64
		{B4D662F0-515C-42DF-88BA-40215977B39A}.Release|x86.ActiveCfg = Release|Win32
		{B4D662F0-515C-42DF-88BA-40215977B39A}.Release|x86.Build.0 = Release|Win32
		{CA14FBD3-1D44-44A9-9D23-96E353436F2C}.Debug|Any CPU.ActiveCfg = Debug|Any CPU
		{CA14FBD3-1D44-44A9-9D23-96E353436F2C}.Debug|Any CPU.Build.0 = Debug|Any CPU
		{CA14FBD3-1D44-44A9-9D23-96E353436F2C}.Debug|x64.ActiveCfg = Debug|Any CPU
		{CA14FBD3-1D44-44A9-9D23-96E353436F2C}.Debug|x64.Build.0 = Debug|Any CPU
		{CA14FBD3-1D44-44A9-9D23-96E353436F2C}.Debug|x86.ActiveCfg = Debug|Any CPU
		{CA14FBD3-1D44-44A9-9D23-96E353436F2C}.Debug|x86.Build.0 = Debug|Any CPU
		{CA14FBD3-1D44-44A9-9D23-96E353436F2C}.Release|Any CPU.ActiveCfg = Release|Any CPU
		{CA14FBD3-1D44-44A9-9D23-96E353436F2C}.Release|Any CPU.Build.0 = Release|Any CPU
		{CA14FBD3-1D44-44A9-9D23-96E353436F2C}.Release|x64.ActiveCfg = Release|Any CPU
		{CA14FBD3-1D44-44A9-9D23-96E353436F2C}.Release|x64.Build.0 = Release|Any CPU
		{CA14FBD3-1D44-44A9-9D23-96E353436F2C}.Release|x86.ActiveCfg = Release|Any CPU
		{CA14FBD3-1D44-44A9-9D23-96E353436F2C}.Release|x86.Build.0 = Release|Any CPU
		{3BE46128-AF17-40E8-A541-06A31A43519E}.Debug|Any CPU.ActiveCfg = Debug|x64
		{3BE46128-AF17-40E8-A541-06A31A43519E}.Debug|Any CPU.Build.0 = Debug|x64
		{3BE46128-AF17-40E8-A541-06A31A43519E}.Debug|x64.ActiveCfg = Debug|x64
		{3BE46128-AF17-40E8-A541-06A31A43519E}.Debug|x64.Build.0 = Debug|x64
		{3BE46128-AF17-40E8-A541-06A31A43519E}.Debug|x86.ActiveCfg = Debug|Win32
		{3BE46128-AF17-40E8-A541-06A31A43519E}.Debug|x86.Build.0 = Debug|Win32
		{3BE46128-AF17-40E8-A541-06A31A43519E}.Release|Any CPU.ActiveCfg = Release|x64
		{3BE46128-AF17-40E8-A541-06A31A43519E}.Release|Any CPU.Build.0 = Release|x64
		{3BE46128-AF17-40E8-A541-06A31A43519E}.Release|x64.ActiveCfg = Release|x64
		{3BE46128-AF17-40E8-A541-06A31A43519E}.Release|x64.Build.0 = Release|x64
		{3BE46128-AF17-40E8-A541-06A31A43519E}.Release|x86.ActiveCfg = Release|Win32
		{3BE46128-AF17-40E8-A541-06A31A43519E}.Release|x86.Build.0 = Release|Win32
		{A3EF5782-515B-458E-A98F-23115744293F}.Debug|Any CPU.ActiveCfg = Debug|x64
		{A3EF5782-515B-458E-A98F-23115744293F}.Debug|Any CPU.Build.0 = Debug|x64
		{A3EF5782-515B-458E-A98F-23115744293F}.Debug|x64.ActiveCfg = Debug|x64
		{A3EF5782-515B-458E-A98F-23115744293F}.Debug|x64.Build.0 = Debug|x64
		{A3EF5782-515B-458E-A98F-23115744293F}.Debug|x86.ActiveCfg = Debug|Win32
		{A3EF5782-515B-458E-A98F-23115744293F}.Debug|x86.Build.0 = Debug|Win32
		{A3EF5782-515B-458E-A98F-23115744293F}.Release|Any CPU.ActiveCfg = Release|x64
		{A3EF5782-515B-458E-A98F-23115744293F}.Release|Any CPU.Build.0 = Release|x64
		{A3EF5782-515B-458E-A98F-23115744293F}.Release|x64.ActiveCfg = Release|x64
		{A3EF5782-515B-458E-A98F-23115744293F}.Release|x64.Build.0 = Release|x64
		{A3EF5782-515B-458E-A98F-23115744293F}.Release|x86.ActiveCfg = Release|Win32
		{A3EF5782-515B-458E-A98F-23115744293F}.Release|x86.Build.0 = Release|Win32
		{302F0157-3C68-44EA-B093-5694540EB675}.Debug|Any CPU.ActiveCfg = Debug|x64
		{302F0157-3C68-44EA-B093-5694540EB675}.Debug|Any CPU.Build.0 = Debug|x64
		{302F0157-3C68-44EA-B093-5694540EB675}.Debug|x64.ActiveCfg = Debug|x64
		{302F0157-3C68-44EA-B093-5694540EB675}.Debug|x64.Build.0 = Debug|x64
		{302F0157-3C68-44EA-B093-5694540EB675}.Debug|x86.ActiveCfg = Debug|Win32
		{302F0157-3C68-44EA-B093-5694540EB675}.Debug|x86.Build.0 = Debug|Win32
		{302F0157-3C68-44EA-B093-5694540EB675}.Release|Any CPU.ActiveCfg = Release|x64
		{302F0157-3C68-44EA-B093-5694540EB675}.Release|Any CPU.Build.0 = Release|x64
		{302F0157-3C68-44EA-B093-5694540EB675}.Release|x64.ActiveCfg = Release|x64
		{302F0157-3C68-44EA-B093-5694540EB675}.Release|x64.Build.0 = Release|x64
		{302F0157-3C68-44EA-B093-5694540EB675}.Release|x86.ActiveCfg = Release|Win32
		{302F0157-3C68-44EA-B093-5694540EB675}.Release|x86.Build.0 = Release|Win32
	EndGlobalSection
	GlobalSection(SolutionProperties) = preSolution
		HideSolutionNode = FALSE
	EndGlobalSection
	GlobalSection(ExtensibilityGlobals) = postSolution
		SolutionGuid = {741920F8-0DAB-4745-978D-89F614ACDE70}
	EndGlobalSection
EndGlobal
